
Microsoft Visual Studio Solution File, Format Version 12.00
# Visual Studio Version 17
VisualStudioVersion = 17.1.32407.343
MinimumVisualStudioVersion = 10.0.40219.1
Project("{FAE04EC0-301F-11D3-BF4B-00C04F79EFBC}") = "RemotePhone", "RemotePhone\RemotePhone.csproj", "{09C66DCE-FE65-42D7-AD0A-BFAA51D3C851}"
EndProject
Project("{2150E333-8FDC-42A3-9474-1A3956D46DE8}") = "Solution Items", "Solution Items", "{0761574D-1619-4D7E-896C-759A6F821827}"
	ProjectSection(SolutionItems) = preProject
		.editorconfig = .editorconfig
	EndProjectSection
EndProject
Global
	GlobalSection(SolutionConfigurationPlatforms) = preSolution
		Debug|Any CPU = Debug|Any CPU
		Release|Any CPU = Release|Any CPU
	EndGlobalSection
	GlobalSection(ProjectConfigurationPlatforms) = postSolution
		{09C66DCE-FE65-42D7-AD0A-BFAA51D3C851}.Debug|Any CPU.ActiveCfg = Debug|Any CPU
		{09C66DCE-FE65-42D7-AD0A-BFAA51D3C851}.Debug|Any CPU.Build.0 = Debug|Any CPU
		{09C66DCE-FE65-42D7-AD0A-BFAA51D3C851}.Release|Any CPU.ActiveCfg = Release|Any CPU
		{09C66DCE-FE65-42D7-AD0A-BFAA51D3C851}.Release|Any CPU.Build.0 = Release|Any CPU
	EndGlobalSection
	GlobalSection(SolutionProperties) = preSolution
		HideSolutionNode = FALSE
	EndGlobalSection
	GlobalSection(ExtensibilityGlobals) = postSolution
		SolutionGuid = {BAAADBB1-F6F2-467C-98A0-36F4048691A7}
	EndGlobalSection
EndGlobal
